
Microsoft Visual Studio Solution File, Format Version 12.00
# Visual Studio Version 17
VisualStudioVersion = 17.9.34728.123
MinimumVisualStudioVersion = 10.0.40219.1
Project("{FAE04EC0-301F-11D3-BF4B-00C04F79EFBC}") = "PenktasPraktinis", "PenktasPraktinis\PenktasPraktinis.csproj", "{9F72208E-457B-4D5A-86C2-5D915A7A3EE6}"
EndProject
Global
	GlobalSection(SolutionConfigurationPlatforms) = preSolution
		Debug|Any CPU = Debug|Any CPU
		Release|Any CPU = Release|Any CPU
	EndGlobalSection
	GlobalSection(ProjectConfigurationPlatforms) = postSolution
		{9F72208E-457B-4D5A-86C2-5D915A7A3EE6}.Debug|Any CPU.ActiveCfg = Debug|Any CPU
		{9F72208E-457B-4D5A-86C2-5D915A7A3EE6}.Debug|Any CPU.Build.0 = Debug|Any CPU
		{9F72208E-457B-4D5A-86C2-5D915A7A3EE6}.Release|Any CPU.ActiveCfg = Release|Any CPU
		{9F72208E-457B-4D5A-86C2-5D915A7A3EE6}.Release|Any CPU.Build.0 = Release|Any CPU
	EndGlobalSection
	GlobalSection(SolutionProperties) = preSolution
		HideSolutionNode = FALSE
	EndGlobalSection
	GlobalSection(ExtensibilityGlobals) = postSolution
		SolutionGuid = {7D4856EC-F461-446A-B847-D9622C4CFB06}
	EndGlobalSection
EndGlobal
